# This file is automatically @generated by Poetry 2.1.1 and should not be changed by hand.

[[package]]
name = "coloraide"
version = "4.5.1"
description = "A color library for Python."
optional = false
python-versions = ">=3.9"
groups = ["main"]
files = [
    {file = "coloraide-4.5.1-py3-none-any.whl", hash = "sha256:5ddfbf72f1caab610f7654019fcd00899e037d086392cb9d76e9c4f278fff36b"},
    {file = "coloraide-4.5.1.tar.gz", hash = "sha256:d80e84ab7b09ac3665ebeab9783f8aa9a51fe2bb9ea4eb561ca100d3793a21c8"},
]

[package.dependencies]
typing-extensions = {version = "*", markers = "python_version < \"3.11\""}

[[package]]
name = "jsonpickle"
version = "4.0.5"
description = "jsonpickle encodes/decodes any Python object to/from JSON"
optional = false
python-versions = ">=3.8"
groups = ["main"]
files = [
    {file = "jsonpickle-4.0.5-py3-none-any.whl", hash = "sha256:b4ac7d0a75ddcdfd93445737f1d36ff28768690d43e54bf5d0ddb1d915e580df"},
    {file = "jsonpickle-4.0.5.tar.gz", hash = "sha256:f299818b39367c361b3f26bdba827d4249ab5d383cd93144d0f94b5417aacb35"},
]

[package.extras]
cov = ["pytest-cov"]
dev = ["black", "pyupgrade"]
docs = ["furo", "rst.linker (>=1.9)", "sphinx (>=3.5)"]
packaging = ["build", "setuptools (>=61.2)", "setuptools-scm[toml] (>=6.0)", "twine"]
testing = ["PyYAML", "atheris (>=2.3.0,<2.4.0) ; python_version < \"3.12\"", "bson", "ecdsa", "feedparser", "gmpy2", "numpy", "pandas", "pymongo", "pytest (>=6.0,!=8.1.*)", "pytest-benchmark", "pytest-benchmark[histogram]", "pytest-checkdocs (>=1.2.3)", "pytest-enabler (>=1.0.1)", "pytest-ruff (>=0.2.1)", "scikit-learn", "scipy (>=1.9.3) ; python_version > \"3.10\"", "scipy ; python_version <= \"3.10\"", "simplejson", "sqlalchemy", "ujson"]

[[package]]
name = "svg-py"
version = "1.6.0"
description = "SVG drawing library"
optional = false
python-versions = ">=3.7"
groups = ["main"]
files = [
    {file = "svg_py-1.6.0-py3-none-any.whl", hash = "sha256:32e4e71ad42e7b5f460cac6ff4e42de6b9c9c857b5677c507565e9e4c0d945a8"},
    {file = "svg_py-1.6.0.tar.gz", hash = "sha256:18d7f82cf05ce6bff908ba6056bc0d0dca74a3fca3c119aa18fc058af88e5678"},
]

[package.extras]
dev = ["isort", "mypy", "pytest"]

[[package]]
name = "typing-extensions"
version = "4.13.0"
description = "Backported and Experimental Type Hints for Python 3.8+"
optional = false
python-versions = ">=3.8"
groups = ["main"]
markers = "python_version < \"3.11\""
files = [
    {file = "typing_extensions-4.13.0-py3-none-any.whl", hash = "sha256:c8dd92cc0d6425a97c18fbb9d1954e5ff92c1ca881a309c45f06ebc0b79058e5"},
    {file = "typing_extensions-4.13.0.tar.gz", hash = "sha256:0a4ac55a5820789d87e297727d229866c9650f6521b64206413c4fbada24d95b"},
]

[metadata]
lock-version = "2.1"
python-versions = ">=3.9"
content-hash = "d474a86e9a14feb7b85df0cfb4bc0ad62a5d6aab9f29362a31d05b17631fe7f3"
